// !$*UTF8*$!
{
	archiveVersion = 1;
	classes = {
	};
	objectVersion = 50;
	objects = {

/* Begin PBXBuildFile section */
		8406D0EF21DDD3F600B996CA /* AppDelegate.m in Sources */ = {isa = PBXBuildFile; fileRef = 8406D0EE21DDD3F600B996CA /* AppDelegate.m */; };
		8406D0F221DDD3F600B996CA /* ViewController.m in Sources */ = {isa = PBXBuildFile; fileRef = 8406D0F121DDD3F600B996CA /* ViewController.m */; };
		8406D0F521DDD3F600B996CA /* Main.storyboard in Resources */ = {isa = PBXBuildFile; fileRef = 8406D0F321DDD3F600B996CA /* Main.storyboard */; };
		8406D0F721DDD3F700B996CA /* Assets.xcassets in Resources */ = {isa = PBXBuildFile; fileRef = 8406D0F621DDD3F700B996CA /* Assets.xcassets */; };
		8406D0FA21DDD3F700B996CA /* LaunchScreen.storyboard in Resources */ = {isa = PBXBuildFile; fileRef = 8406D0F821DDD3F700B996CA /* LaunchScreen.storyboard */; };
		8406D0FD21DDD3F700B996CA /* main.m in Sources */ = {isa = PBXBuildFile; fileRef = 8406D0FC21DDD3F700B996CA /* main.m */; };
		8406D10521DDD40E00B996CA /* cDev.c in Sources */ = {isa = PBXBuildFile; fileRef = 8406D10421DDD40E00B996CA /* cDev.c */; };
/* End PBXBuildFile section */

/* Begin PBXFileReference section */
		8406D0EA21DDD3F500B996CA /* c.app */ = {isa = PBXFileReference; explicitFileType = wrapper.application; includeInIndex = 0; path = c.app; sourceTree = BUILT_PRODUCTS_DIR; };
		8406D0ED21DDD3F600B996CA /* AppDelegate.h */ = {isa = PBXFileReference; lastKnownFileType = sourcecode.c.h; path = AppDelegate.h; sourceTree = "<group>"; };
		8406D0EE21DDD3F600B996CA /* AppDelegate.m */ = {isa = PBXFileReference; lastKnownFileType = sourcecode.c.objc; path = AppDelegate.m; sourceTree = "<group>"; };
		8406D0F021DDD3F600B996CA /* ViewController.h */ = {isa = PBXFileReference; lastKnownFileType = sourcecode.c.h; path = ViewController.h; sourceTree = "<group>"; };
		8406D0F121DDD3F600B996CA /* ViewController.m */ = {isa = PBXFileReference; lastKnownFileType = sourcecode.c.objc; path = ViewController.m; sourceTree = "<group>"; };
		8406D0F421DDD3F600B996CA /* Base */ = {isa = PBXFileReference; lastKnownFileType = file.storyboard; name = Base; path = Base.lproj/Main.storyboard; sourceTree = "<group>"; };
		8406D0F621DDD3F700B996CA /* Assets.xcassets */ = {isa = PBXFileReference; lastKnownFileType = folder.assetcatalog; path = Assets.xcassets; sourceTree = "<group>"; };
		8406D0F921DDD3F700B996CA /* Base */ = {isa = PBXFileReference; lastKnownFileType = file.storyboard; name = Base; path = Base.lproj/LaunchScreen.storyboard; sourceTree = "<group>"; };
		8406D0FB21DDD3F700B996CA /* Info.plist */ = {isa = PBXFileReference; lastKnownFileType = text.plist.xml; path = Info.plist; sourceTree = "<group>"; };
		8406D0FC21DDD3F700B996CA /* main.m */ = {isa = PBXFileReference; lastKnownFileType = sourcecode.c.objc; path = main.m; sourceTree = "<group>"; };
		8406D10321DDD40E00B996CA /* cDev.h */ = {isa = PBXFileReference; lastKnownFileType = sourcecode.c.h; path = cDev.h; sourceTree = "<group>"; };
		8406D10421DDD40E00B996CA /* cDev.c */ = {isa = PBXFileReference; lastKnownFileType = sourcecode.c.c; path = cDev.c; sourceTree = "<group>"; };
/* End PBXFileReference section */

/* Begin PBXFrameworksBuildPhase section */
		8406D0E721DDD3F500B996CA /* Frameworks */ = {
			isa = PBXFrameworksBuildPhase;
			buildActionMask = 2147483647;
			files = (
			);
			runOnlyForDeploymentPostprocessing = 0;
		};
/* End PBXFrameworksBuildPhase section */

/* Begin PBXGroup section */
		8406D0E121DDD3F500B996CA = {
			isa = PBXGroup;
			children = (
				8406D0EC21DDD3F500B996CA /* c */,
				8406D0EB21DDD3F500B996CA /* Products */,
			);
			sourceTree = "<group>";
		};
		8406D0EB21DDD3F500B996CA /* Products */ = {
			isa = PBXGroup;
			children = (
				8406D0EA21DDD3F500B996CA /* c.app */,
			);
			name = Products;
			sourceTree = "<group>";
		};
		8406D0EC21DDD3F500B996CA /* c */ = {
			isa = PBXGroup;
			children = (
				8406D0ED21DDD3F600B996CA /* AppDelegate.h */,
				8406D0EE21DDD3F600B996CA /* AppDelegate.m */,
				8406D0F021DDD3F600B996CA /* ViewController.h */,
				8406D0F121DDD3F600B996CA /* ViewController.m */,
				8406D0F321DDD3F600B996CA /* Main.storyboard */,
				8406D0F621DDD3F700B996CA /* Assets.xcassets */,
				8406D0F821DDD3F700B996CA /* LaunchScreen.storyboard */,
				8406D0FB21DDD3F700B996CA /* Info.plist */,
				8406D0FC21DDD3F700B996CA /* main.m */,
				8406D10321DDD40E00B996CA /* cDev.h */,
				8406D10421DDD40E00B996CA /* cDev.c */,
			);
			path = c;
			sourceTree = "<group>";
		};
/* End PBXGroup section */

/* Begin PBXNativeTarget section */
		8406D0E921DDD3F500B996CA /* c */ = {
			isa = PBXNativeTarget;
			buildConfigurationList = 8406D10021DDD3F700B996CA /* Build configuration list for PBXNativeTarget "c" */;
			buildPhases = (
				8406D0E621DDD3F500B996CA /* Sources */,
				8406D0E721DDD3F500B996CA /* Frameworks */,
				8406D0E821DDD3F500B996CA /* Resources */,
			);
			buildRules = (
			);
			dependencies = (
			);
			name = c;
			productName = c;
			productReference = 8406D0EA21DDD3F500B996CA /* c.app */;
			productType = "com.apple.product-type.application";
		};
/* End PBXNativeTarget section */

/* Begin PBXProject section */
		8406D0E221DDD3F500B996CA /* Project object */ = {
			isa = PBXProject;
			attributes = {
				LastUpgradeCheck = 1010;
				ORGANIZATIONNAME = admin;
				TargetAttributes = {
					8406D0E921DDD3F500B996CA = {
						CreatedOnToolsVersion = 10.1;
					};
				};
			};
			buildConfigurationList = 8406D0E521DDD3F500B996CA /* Build configuration list for PBXProject "c" */;
			compatibilityVersion = "Xcode 9.3";
			developmentRegion = en;
			hasScannedForEncodings = 0;
			knownRegions = (
				en,
				Base,
			);
			mainGroup = 8406D0E121DDD3F500B996CA;
			productRefGroup = 8406D0EB21DDD3F500B996CA /* Products */;
			projectDirPath = "";
			projectRoot = "";
			targets = (
				8406D0E921DDD3F500B996CA /* c */,
			);
		};
/* End PBXProject section */

/* Begin PBXResourcesBuildPhase section */
		8406D0E821DDD3F500B996CA /* Resources */ = {
			isa = PBXResourcesBuildPhase;
			buildActionMask = 2147483647;
			files = (
				8406D0FA21DDD3F700B996CA /* LaunchScreen.storyboard in Resources */,
				8406D0F721DDD3F700B996CA /* Assets.xcassets in Resources */,
				8406D0F521DDD3F600B996CA /* Main.storyboard in Resources */,
			);
			runOnlyForDeploymentPostprocessing = 0;
		};
/* End PBXResourcesBuildPhase section */

/* Begin PBXSourcesBuildPhase section */
		8406D0E621DDD3F500B996CA /* Sources */ = {
			isa = PBXSourcesBuildPhase;
			buildActionMask = 2147483647;
			files = (
				8406D0F221DDD3F600B996CA /* ViewController.m in Sources */,
				8406D10521DDD40E00B996CA /* cDev.c in Sources */,
				8406D0FD21DDD3F700B996CA /* main.m in Sources */,
				8406D0EF21DDD3F600B996CA /* AppDelegate.m in Sources */,
			);
			runOnlyForDeploymentPostprocessing = 0;
		};
/* End PBXSourcesBuildPhase section */

/* Begin PBXVariantGroup section */
		8406D0F321DDD3F600B996CA /* Main.storyboard */ = {
			isa = PBXVariantGroup;
			children = (
				8406D0F421DDD3F600B996CA /* Base */,
			);
			name = Main.storyboard;
			sourceTree = "<group>";
		};
		8406D0F821DDD3F700B996CA /* LaunchScreen.storyboard */ = {
			isa = PBXVariantGroup;
			children = (
				8406D0F921DDD3F700B996CA /* Base */,
			);
			name = LaunchScreen.storyboard;
			sourceTree = "<group>";
		};
/* End PBXVariantGroup section */

/* Begin XCBuildConfiguration section */
		8406D0FE21DDD3F700B996CA /* Debug */ = {
			isa = XCBuildConfiguration;
			buildSettings = {
				ALWAYS_SEARCH_USER_PATHS = NO;
				CLANG_ANALYZER_NONNULL = YES;
				CLANG_ANALYZER_NUMBER_OBJECT_CONVERSION = YES_AGGRESSIVE;
				CLANG_CXX_LANGUAGE_STANDARD = "gnu++14";
				CLANG_CXX_LIBRARY = "libc++";
				CLANG_ENABLE_MODULES = YES;
				CLANG_ENABLE_OBJC_ARC = YES;
				CLANG_ENABLE_OBJC_WEAK = YES;
				CLANG_WARN_BLOCK_CAPTURE_AUTORELEASING = YES;
				CLANG_WARN_BOOL_CONVERSION = YES;
				CLANG_WARN_COMMA = YES;
				CLANG_WARN_CONSTANT_CONVERSION = YES;
				CLANG_WARN_DEPRECATED_OBJC_IMPLEMENTATIONS = YES;
				CLANG_WARN_DIRECT_OBJC_ISA_USAGE = YES_ERROR;
				CLANG_WARN_DOCUMENTATION_COMMENTS = YES;
				CLANG_WARN_EMPTY_BODY = YES;
				CLANG_WARN_ENUM_CONVERSION = YES;
				CLANG_WARN_INFINITE_RECURSION = YES;
				CLANG_WARN_INT_CONVERSION = YES;
				CLANG_WARN_NON_LITERAL_NULL_CONVERSION = YES;
				CLANG_WARN_OBJC_IMPLICIT_RETAIN_SELF = YES;
				CLANG_WARN_OBJC_LITERAL_CONVERSION = YES;
				CLANG_WARN_OBJC_ROOT_CLASS = YES_ERROR;
				CLANG_WARN_RANGE_LOOP_ANALYSIS = YES;
				CLANG_WARN_STRICT_PROTOTYPES = YES;
				CLANG_WARN_SUSPICIOUS_MOVE = YES;
				CLANG_WARN_UNGUARDED_AVAILABILITY = YES_AGGRESSIVE;
				CLANG_WARN_UNREACHABLE_CODE = YES;
				CLANG_WARN__DUPLICATE_METHOD_MATCH = YES;
				CODE_SIGN_IDENTITY = "iPhone Developer";
				COPY_PHASE_STRIP = NO;
				DEBUG_INFORMATION_FORMAT = dwarf;
				ENABLE_STRICT_OBJC_MSGSEND = YES;
				ENABLE_TESTABILITY = YES;
				GCC_C_LANGUAGE_STANDARD = gnu11;
				GCC_DYNAMIC_NO_PIC = NO;
				GCC_NO_COMMON_BLOCKS = YES;
				GCC_OPTIMIZATION_LEVEL = 0;
				GCC_PREPROCESSOR_DEFINITIONS = (
					"DEBUG=1",
					"$(inherited)",
				);
				GCC_WARN_64_TO_32_BIT_CONVERSION = YES;
				GCC_WARN_ABOUT_RETURN_TYPE = YES_ERROR;
				GCC_WARN_UNDECLARED_SELECTOR = YES;
				GCC_WARN_UNINITIALIZED_AUTOS = YES_AGGRESSIVE;
				GCC_WARN_UNUSED_FUNCTION = YES;
				GCC_WARN_UNUSED_VARIABLE = YES;
				IPHONEOS_DEPLOYMENT_TARGET = 12.1;
				MTL_ENABLE_DEBUG_INFO = INCLUDE_SOURCE;
				MTL_FAST_MATH = YES;
				ONLY_ACTIVE_ARCH = YES;
				SDKROOT = iphoneos;
			};
			name = Debug;
		};
		8406D0FF21DDD3F700B996CA /* Release */ = {
			isa = XCBuildConfiguration;
			buildSettings = {
				ALWAYS_SEARCH_USER_PATHS = NO;
				CLANG_ANALYZER_NONNULL = YES;
				CLANG_ANALYZER_NUMBER_OBJECT_CONVERSION = YES_AGGRESSIVE;
				CLANG_CXX_LANGUAGE_STANDARD = "gnu++14";
				CLANG_CXX_LIBRARY = "libc++";
				CLANG_ENABLE_MODULES = YES;
				CLANG_ENABLE_OBJC_ARC = YES;
				CLANG_ENABLE_OBJC_WEAK = YES;
				CLANG_WARN_BLOCK_CAPTURE_AUTORELEASING = YES;
				CLANG_WARN_BOOL_CONVERSION = YES;
				CLANG_WARN_COMMA = YES;
				CLANG_WARN_CONSTANT_CONVERSION = YES;
				CLANG_WARN_DEPRECATED_OBJC_IMPLEMENTATIONS = YES;
				CLANG_WARN_DIRECT_OBJC_ISA_USAGE = YES_ERROR;
				CLANG_WARN_DOCUMENTATION_COMMENTS = YES;
				CLANG_WARN_EMPTY_BODY = YES;
				CLANG_WARN_ENUM_CONVERSION = YES;
				CLANG_WARN_INFINITE_RECURSION = YES;
				CLANG_WARN_INT_CONVERSION = YES;
				CLANG_WARN_NON_LITERAL_NULL_CONVERSION = YES;
				CLANG_WARN_OBJC_IMPLICIT_RETAIN_SELF = YES;
				CLANG_WARN_OBJC_LITERAL_CONVERSION = YES;
				CLANG_WARN_OBJC_ROOT_CLASS = YES_ERROR;
				CLANG_WARN_RANGE_LOOP_ANALYSIS = YES;
				CLANG_WARN_STRICT_PROTOTYPES = YES;
				CLANG_WARN_SUSPICIOUS_MOVE = YES;
				CLANG_WARN_UNGUARDED_AVAILABILITY = YES_AGGRESSIVE;
				CLANG_WARN_UNREACHABLE_CODE = YES;
				CLANG_WARN__DUPLICATE_METHOD_MATCH = YES;
				CODE_SIGN_IDENTITY = "iPhone Developer";
				COPY_PHASE_STRIP = NO;
				DEBUG_INFORMATION_FORMAT = "dwarf-with-dsym";
				ENABLE_NS_ASSERTIONS = NO;
				ENABLE_STRICT_OBJC_MSGSEND = YES;
				GCC_C_LANGUAGE_STANDARD = gnu11;
				GCC_NO_COMMON_BLOCKS = YES;
				GCC_WARN_64_TO_32_BIT_CONVERSION = YES;
				GCC_WARN_ABOUT_RETURN_TYPE = YES_ERROR;
				GCC_WARN_UNDECLARED_SELECTOR = YES;
				GCC_WARN_UNINITIALIZED_AUTOS = YES_AGGRESSIVE;
				GCC_WARN_UNUSED_FUNCTION = YES;
				GCC_WARN_UNUSED_VARIABLE = YES;
				IPHONEOS_DEPLOYMENT_TARGET = 12.1;
				MTL_ENABLE_DEBUG_INFO = NO;
				MTL_FAST_MATH = YES;
				SDKROOT = iphoneos;
				VALIDATE_PRODUCT = YES;
			};
			name = Release;
		};
		8406D10121DDD3F700B996CA /* Debug */ = {
			isa = XCBuildConfiguration;
			buildSettings = {
				ASSETCATALOG_COMPILER_APPICON_NAME = AppIcon;
				CODE_SIGN_STYLE = Automatic;
				DEVELOPMENT_TEAM = XXXHT7H8YN;
				INFOPLIST_FILE = c/Info.plist;
				LD_RUNPATH_SEARCH_PATHS = (
					"$(inherited)",
					"@executable_path/Frameworks",
				);
				PRODUCT_BUNDLE_IDENTIFIER = com.giant9.c;
				PRODUCT_NAME = "$(TARGET_NAME)";
				TARGETED_DEVICE_FAMILY = "1,2";
			};
			name = Debug;
		};
		8406D10221DDD3F700B996CA /* Release */ = {
			isa = XCBuildConfiguration;
			buildSettings = {
				ASSETCATALOG_COMPILER_APPICON_NAME = AppIcon;
				CODE_SIGN_STYLE = Automatic;
				DEVELOPMENT_TEAM = XXXHT7H8YN;
				INFOPLIST_FILE = c/Info.plist;
				LD_RUNPATH_SEARCH_PATHS = (
					"$(inherited)",
					"@executable_path/Frameworks",
				);
				PRODUCT_BUNDLE_IDENTIFIER = com.giant9.c;
				PRODUCT_NAME = "$(TARGET_NAME)";
				TARGETED_DEVICE_FAMILY = "1,2";
			};
			name = Release;
		};
/* End XCBuildConfiguration section */

/* Begin XCConfigurationList section */
		8406D0E521DDD3F500B996CA /* Build configuration list for PBXProject "c" */ = {
			isa = XCConfigurationList;
			buildConfigurations = (
				8406D0FE21DDD3F700B996CA /* Debug */,
				8406D0FF21DDD3F700B996CA /* Release */,
			);
			defaultConfigurationIsVisible = 0;
			defaultConfigurationName = Release;
		};
		8406D10021DDD3F700B996CA /* Build configuration list for PBXNativeTarget "c" */ = {
			isa = XCConfigurationList;
			buildConfigurations = (
				8406D10121DDD3F700B996CA /* Debug */,
				8406D10221DDD3F700B996CA /* Release */,
			);
			defaultConfigurationIsVisible = 0;
			defaultConfigurationName = Release;
		};
/* End XCConfigurationList section */
	};
	rootObject = 8406D0E221DDD3F500B996CA /* Project object */;
}
